
Microsoft Visual Studio Solution File, Format Version 12.00
# Visual Studio Version 17
VisualStudioVersion = 17.8.34330.188
MinimumVisualStudioVersion = 10.0.40219.1
Project("{9A19103F-16F7-4668-BE54-9A1E7A4F7556}") = "SignalR", "SignalR\SignalR.csproj", "{A792499D-38F0-4A79-B9B7-359F0EACE974}"
EndProject
Global
	GlobalSection(SolutionConfigurationPlatforms) = preSolution
		Debug|Any CPU = Debug|Any CPU
		Release|Any CPU = Release|Any CPU
	EndGlobalSection
	GlobalSection(ProjectConfigurationPlatforms) = postSolution
		{A792499D-38F0-4A79-B9B7-359F0EACE974}.Debug|Any CPU.ActiveCfg = Debug|Any CPU
		{A792499D-38F0-4A79-B9B7-359F0EACE974}.Debug|Any CPU.Build.0 = Debug|Any CPU
		{A792499D-38F0-4A79-B9B7-359F0EACE974}.Release|Any CPU.ActiveCfg = Release|Any CPU
		{A792499D-38F0-4A79-B9B7-359F0EACE974}.Release|Any CPU.Build.0 = Release|Any CPU
	EndGlobalSection
	GlobalSection(SolutionProperties) = preSolution
		HideSolutionNode = FALSE
	EndGlobalSection
	GlobalSection(ExtensibilityGlobals) = postSolution
		SolutionGuid = {4D45C652-00E6-4392-B075-5361C33BCEFB}
	EndGlobalSection
EndGlobal
